
Microsoft Visual Studio Solution File, Format Version 12.00
# Visual Studio Version 16
VisualStudioVersion = 16.0.31005.135
MinimumVisualStudioVersion = 10.0.40219.1
Project("{FAE04EC0-301F-11D3-BF4B-00C04F79EFBC}") = "C_sharpLab6", "C_sharpLab6\C_sharpLab6.csproj", "{0344F95F-4B20-4ADD-85C8-A823C2A19CB9}"
EndProject
Global
	GlobalSection(SolutionConfigurationPlatforms) = preSolution
		Debug|Any CPU = Debug|Any CPU
		Release|Any CPU = Release|Any CPU
	EndGlobalSection
	GlobalSection(ProjectConfigurationPlatforms) = postSolution
		{0344F95F-4B20-4ADD-85C8-A823C2A19CB9}.Debug|Any CPU.ActiveCfg = Debug|Any CPU
		{0344F95F-4B20-4ADD-85C8-A823C2A19CB9}.Debug|Any CPU.Build.0 = Debug|Any CPU
		{0344F95F-4B20-4ADD-85C8-A823C2A19CB9}.Release|Any CPU.ActiveCfg = Release|Any CPU
		{0344F95F-4B20-4ADD-85C8-A823C2A19CB9}.Release|Any CPU.Build.0 = Release|Any CPU
	EndGlobalSection
	GlobalSection(SolutionProperties) = preSolution
		HideSolutionNode = FALSE
	EndGlobalSection
	GlobalSection(ExtensibilityGlobals) = postSolution
		SolutionGuid = {95831B6C-9F47-433F-9177-341FC55E5C7F}
	EndGlobalSection
EndGlobal
